
Microsoft Visual Studio Solution File, Format Version 12.00
# Visual Studio 15
VisualStudioVersion = 15.0.27130.2027
MinimumVisualStudioVersion = 10.0.40219.1
Project("{9A19103F-16F7-4668-BE54-9A1E7A4F7556}") = "Library.WebCore", "Library.WebCore\Library.WebCore.csproj", "{C2F8380B-83D7-4B8B-8E55-A3C95BBC7781}"
EndProject
Project("{9A19103F-16F7-4668-BE54-9A1E7A4F7556}") = "Library.DAL", "Library.DAL\Library.DAL.csproj", "{5B13C767-2D3F-4782-AF2C-7F1441E86304}"
EndProject
Project("{9A19103F-16F7-4668-BE54-9A1E7A4F7556}") = "Library.BLL", "Library.BLL\Library.BLL.csproj", "{A688106B-3B09-4A6A-AACE-7C7BF6FEC3DF}"
EndProject
Project("{9A19103F-16F7-4668-BE54-9A1E7A4F7556}") = "Library.Entities", "Library.Entities\Library.Entities.csproj", "{08BDFCEF-AC3E-43DF-9EC7-22AA743F2F38}"
EndProject
Project("{9A19103F-16F7-4668-BE54-9A1E7A4F7556}") = "Library.ViewModels", "Library.ViewModels\Library.ViewModels.csproj", "{6F5F52CD-3200-459C-A3D6-DEBB7F87F3BF}"
EndProject
Project("{9A19103F-16F7-4668-BE54-9A1E7A4F7556}") = "Library.Shared", "Shared\Library.Shared.csproj", "{7DCD7B2B-52BC-48C6-9290-847C47F127A9}"
EndProject
Global
	GlobalSection(SolutionConfigurationPlatforms) = preSolution
		Debug|Any CPU = Debug|Any CPU
		Release|Any CPU = Release|Any CPU
	EndGlobalSection
	GlobalSection(ProjectConfigurationPlatforms) = postSolution
		{C2F8380B-83D7-4B8B-8E55-A3C95BBC7781}.Debug|Any CPU.ActiveCfg = Debug|Any CPU
		{C2F8380B-83D7-4B8B-8E55-A3C95BBC7781}.Debug|Any CPU.Build.0 = Debug|Any CPU
		{C2F8380B-83D7-4B8B-8E55-A3C95BBC7781}.Release|Any CPU.ActiveCfg = Release|Any CPU
		{C2F8380B-83D7-4B8B-8E55-A3C95BBC7781}.Release|Any CPU.Build.0 = Release|Any CPU
		{5B13C767-2D3F-4782-AF2C-7F1441E86304}.Debug|Any CPU.ActiveCfg = Debug|Any CPU
		{5B13C767-2D3F-4782-AF2C-7F1441E86304}.Debug|Any CPU.Build.0 = Debug|Any CPU
		{5B13C767-2D3F-4782-AF2C-7F1441E86304}.Release|Any CPU.ActiveCfg = Release|Any CPU
		{5B13C767-2D3F-4782-AF2C-7F1441E86304}.Release|Any CPU.Build.0 = Release|Any CPU
		{A688106B-3B09-4A6A-AACE-7C7BF6FEC3DF}.Debug|Any CPU.ActiveCfg = Debug|Any CPU
		{A688106B-3B09-4A6A-AACE-7C7BF6FEC3DF}.Debug|Any CPU.Build.0 = Debug|Any CPU
		{A688106B-3B09-4A6A-AACE-7C7BF6FEC3DF}.Release|Any CPU.ActiveCfg = Release|Any CPU
		{A688106B-3B09-4A6A-AACE-7C7BF6FEC3DF}.Release|Any CPU.Build.0 = Release|Any CPU
		{08BDFCEF-AC3E-43DF-9EC7-22AA743F2F38}.Debug|Any CPU.ActiveCfg = Debug|Any CPU
		{08BDFCEF-AC3E-43DF-9EC7-22AA743F2F38}.Debug|Any CPU.Build.0 = Debug|Any CPU
		{08BDFCEF-AC3E-43DF-9EC7-22AA743F2F38}.Release|Any CPU.ActiveCfg = Release|Any CPU
		{08BDFCEF-AC3E-43DF-9EC7-22AA743F2F38}.Release|Any CPU.Build.0 = Release|Any CPU
		{6F5F52CD-3200-459C-A3D6-DEBB7F87F3BF}.Debug|Any CPU.ActiveCfg = Debug|Any CPU
		{6F5F52CD-3200-459C-A3D6-DEBB7F87F3BF}.Debug|Any CPU.Build.0 = Debug|Any CPU
		{6F5F52CD-3200-459C-A3D6-DEBB7F87F3BF}.Release|Any CPU.ActiveCfg = Release|Any CPU
		{6F5F52CD-3200-459C-A3D6-DEBB7F87F3BF}.Release|Any CPU.Build.0 = Release|Any CPU
		{7DCD7B2B-52BC-48C6-9290-847C47F127A9}.Debug|Any CPU.ActiveCfg = Debug|Any CPU
		{7DCD7B2B-52BC-48C6-9290-847C47F127A9}.Debug|Any CPU.Build.0 = Debug|Any CPU
		{7DCD7B2B-52BC-48C6-9290-847C47F127A9}.Release|Any CPU.ActiveCfg = Release|Any CPU
		{7DCD7B2B-52BC-48C6-9290-847C47F127A9}.Release|Any CPU.Build.0 = Release|Any CPU
	EndGlobalSection
	GlobalSection(SolutionProperties) = preSolution
		HideSolutionNode = FALSE
	EndGlobalSection
	GlobalSection(ExtensibilityGlobals) = postSolution
		SolutionGuid = {47DD484E-494F-42B2-A831-9EEB7F03ABFA}
	EndGlobalSection
EndGlobal
